
Microsoft Visual Studio Solution File, Format Version 12.00
# Visual Studio Version 16
VisualStudioVersion = 16.0.31911.196
MinimumVisualStudioVersion = 10.0.40219.1
Project("{FAE04EC0-301F-11D3-BF4B-00C04F79EFBC}") = "Trails.Web", "Trails.Web\Trails.Web.csproj", "{F9CA11DE-2AB4-4411-908B-82F4AF62D280}"
EndProject
Global
	GlobalSection(SolutionConfigurationPlatforms) = preSolution
		Debug|Any CPU = Debug|Any CPU
		Release|Any CPU = Release|Any CPU
	EndGlobalSection
	GlobalSection(ProjectConfigurationPlatforms) = postSolution
		{F9CA11DE-2AB4-4411-908B-82F4AF62D280}.Debug|Any CPU.ActiveCfg = Debug|Any CPU
		{F9CA11DE-2AB4-4411-908B-82F4AF62D280}.Debug|Any CPU.Build.0 = Debug|Any CPU
		{F9CA11DE-2AB4-4411-908B-82F4AF62D280}.Release|Any CPU.ActiveCfg = Release|Any CPU
		{F9CA11DE-2AB4-4411-908B-82F4AF62D280}.Release|Any CPU.Build.0 = Release|Any CPU
	EndGlobalSection
	GlobalSection(SolutionProperties) = preSolution
		HideSolutionNode = FALSE
	EndGlobalSection
	GlobalSection(ExtensibilityGlobals) = postSolution
		SolutionGuid = {F8F89CCD-676B-4F7F-9112-5114E77A0EEC}
	EndGlobalSection
EndGlobal
